
Microsoft Visual Studio Solution File, Format Version 12.00
# Visual Studio Version 17
VisualStudioVersion = 17.8.34330.188
MinimumVisualStudioVersion = 10.0.40219.1
Project("{9A19103F-16F7-4668-BE54-9A1E7A4F7556}") = "ReGoTech.ImmigrationSystem.Data", "ReGoTech.ImmigrationSystem.Data\ReGoTech.ImmigrationSystem.Data.csproj", "{AC59E19E-4019-42DA-BDAA-9F659866D343}"
EndProject
Project("{9A19103F-16F7-4668-BE54-9A1E7A4F7556}") = "ReGoTech.ImmigrationSystem.API", "ReGoTech.ImmigrationSystem.API\ReGoTech.ImmigrationSystem.API.csproj", "{ED6DD4E3-61B9-423F-BBF4-D1066D2A3750}"
EndProject
Project("{FAE04EC0-301F-11D3-BF4B-00C04F79EFBC}") = "ReGoTech.ImmigrationSystem.Services", "ReGoTech.ImmigrationSystem.Services\ReGoTech.ImmigrationSystem.Services.csproj", "{727185ED-0E99-4A26-927A-BEE5ED74ABC2}"
EndProject
Project("{FAE04EC0-301F-11D3-BF4B-00C04F79EFBC}") = "ReGoTech.ImmigrationSystem.Models", "ReGoTech.ImmigrationSystem.Models\ReGoTech.ImmigrationSystem.Models.csproj", "{202F84E3-9A74-4CB2-90C5-8E9AC925051B}"
EndProject
Project("{FAE04EC0-301F-11D3-BF4B-00C04F79EFBC}") = "ReGoTech.ImmigrationSystem.Tests", "ReGoTech.ImmigrationSystem.Tests\ReGoTech.ImmigrationSystem.Tests.csproj", "{DF1BEC75-354C-4C6B-B121-8C26AFF82C4D}"
EndProject
Project("{FAE04EC0-301F-11D3-BF4B-00C04F79EFBC}") = "ReGoTech.ImmigrationSystem.Constants", "ReGoTech.ImmigrationSystem.Constants\ReGoTech.ImmigrationSystem.Constants.csproj", "{31B0D792-7C4C-4274-AA9E-66414E27EE7C}"
EndProject
Global
	GlobalSection(SolutionConfigurationPlatforms) = preSolution
		Debug|Any CPU = Debug|Any CPU
		Release|Any CPU = Release|Any CPU
	EndGlobalSection
	GlobalSection(ProjectConfigurationPlatforms) = postSolution
		{AC59E19E-4019-42DA-BDAA-9F659866D343}.Debug|Any CPU.ActiveCfg = Debug|Any CPU
		{AC59E19E-4019-42DA-BDAA-9F659866D343}.Debug|Any CPU.Build.0 = Debug|Any CPU
		{AC59E19E-4019-42DA-BDAA-9F659866D343}.Release|Any CPU.ActiveCfg = Release|Any CPU
		{AC59E19E-4019-42DA-BDAA-9F659866D343}.Release|Any CPU.Build.0 = Release|Any CPU
		{ED6DD4E3-61B9-423F-BBF4-D1066D2A3750}.Debug|Any CPU.ActiveCfg = Debug|Any CPU
		{ED6DD4E3-61B9-423F-BBF4-D1066D2A3750}.Debug|Any CPU.Build.0 = Debug|Any CPU
		{ED6DD4E3-61B9-423F-BBF4-D1066D2A3750}.Release|Any CPU.ActiveCfg = Release|Any CPU
		{ED6DD4E3-61B9-423F-BBF4-D1066D2A3750}.Release|Any CPU.Build.0 = Release|Any CPU
		{727185ED-0E99-4A26-927A-BEE5ED74ABC2}.Debug|Any CPU.ActiveCfg = Debug|Any CPU
		{727185ED-0E99-4A26-927A-BEE5ED74ABC2}.Debug|Any CPU.Build.0 = Debug|Any CPU
		{727185ED-0E99-4A26-927A-BEE5ED74ABC2}.Release|Any CPU.ActiveCfg = Release|Any CPU
		{727185ED-0E99-4A26-927A-BEE5ED74ABC2}.Release|Any CPU.Build.0 = Release|Any CPU
		{202F84E3-9A74-4CB2-90C5-8E9AC925051B}.Debug|Any CPU.ActiveCfg = Debug|Any CPU
		{202F84E3-9A74-4CB2-90C5-8E9AC925051B}.Debug|Any CPU.Build.0 = Debug|Any CPU
		{202F84E3-9A74-4CB2-90C5-8E9AC925051B}.Release|Any CPU.ActiveCfg = Release|Any CPU
		{202F84E3-9A74-4CB2-90C5-8E9AC925051B}.Release|Any CPU.Build.0 = Release|Any CPU
		{DF1BEC75-354C-4C6B-B121-8C26AFF82C4D}.Debug|Any CPU.ActiveCfg = Debug|Any CPU
		{DF1BEC75-354C-4C6B-B121-8C26AFF82C4D}.Debug|Any CPU.Build.0 = Debug|Any CPU
		{DF1BEC75-354C-4C6B-B121-8C26AFF82C4D}.Release|Any CPU.ActiveCfg = Release|Any CPU
		{DF1BEC75-354C-4C6B-B121-8C26AFF82C4D}.Release|Any CPU.Build.0 = Release|Any CPU
		{31B0D792-7C4C-4274-AA9E-66414E27EE7C}.Debug|Any CPU.ActiveCfg = Debug|Any CPU
		{31B0D792-7C4C-4274-AA9E-66414E27EE7C}.Debug|Any CPU.Build.0 = Debug|Any CPU
		{31B0D792-7C4C-4274-AA9E-66414E27EE7C}.Release|Any CPU.ActiveCfg = Release|Any CPU
		{31B0D792-7C4C-4274-AA9E-66414E27EE7C}.Release|Any CPU.Build.0 = Release|Any CPU
	EndGlobalSection
	GlobalSection(SolutionProperties) = preSolution
		HideSolutionNode = FALSE
	EndGlobalSection
	GlobalSection(ExtensibilityGlobals) = postSolution
		SolutionGuid = {BE41DD83-5671-497E-A887-9055BBD80EF3}
	EndGlobalSection
EndGlobal
